
Microsoft Visual Studio Solution File, Format Version 12.00
Project("{FAE04EC0-301F-11D3-BF4B-00C04F79EFBC}") = "InternalEngineerCalculator.Main", "InternalEngineerCalculator.Main\InternalEngineerCalculator.Main.csproj", "{7C67345C-4224-4DA3-9C9B-40DA018E70BD}"
EndProject
Project("{2150E333-8FDC-42A3-9474-1A3956D46DE8}") = "solution-items", "solution-items", "{FA7E9B1E-0D90-4927-A8DC-B133590EEC8F}"
	ProjectSection(SolutionItems) = preProject
		.editorconfig = .editorconfig
		.gitattributes = .gitattributes
		.gitignore = .gitignore
		LICENSE = LICENSE
		README.md = README.md
	EndProjectSection
EndProject
Project("{FAE04EC0-301F-11D3-BF4B-00C04F79EFBC}") = "InternalEngineerCalculator.Tests", "InternalEngineerCalculator.Tests\InternalEngineerCalculator.Tests.csproj", "{8DBBAAE8-0D33-47B9-BBD3-51A3BFB90FCC}"
EndProject
Global
	GlobalSection(SolutionConfigurationPlatforms) = preSolution
		Debug|Any CPU = Debug|Any CPU
		Release|Any CPU = Release|Any CPU
	EndGlobalSection
	GlobalSection(ProjectConfigurationPlatforms) = postSolution
		{7C67345C-4224-4DA3-9C9B-40DA018E70BD}.Debug|Any CPU.ActiveCfg = Debug|Any CPU
		{7C67345C-4224-4DA3-9C9B-40DA018E70BD}.Debug|Any CPU.Build.0 = Debug|Any CPU
		{7C67345C-4224-4DA3-9C9B-40DA018E70BD}.Release|Any CPU.ActiveCfg = Release|Any CPU
		{7C67345C-4224-4DA3-9C9B-40DA018E70BD}.Release|Any CPU.Build.0 = Release|Any CPU
		{8DBBAAE8-0D33-47B9-BBD3-51A3BFB90FCC}.Debug|Any CPU.ActiveCfg = Debug|Any CPU
		{8DBBAAE8-0D33-47B9-BBD3-51A3BFB90FCC}.Debug|Any CPU.Build.0 = Debug|Any CPU
		{8DBBAAE8-0D33-47B9-BBD3-51A3BFB90FCC}.Release|Any CPU.ActiveCfg = Release|Any CPU
		{8DBBAAE8-0D33-47B9-BBD3-51A3BFB90FCC}.Release|Any CPU.Build.0 = Release|Any CPU
	EndGlobalSection
EndGlobal
